
Microsoft Visual Studio Solution File, Format Version 12.00
# Visual Studio 2013
VisualStudioVersion = 12.0.31101.0
MinimumVisualStudioVersion = 10.0.40219.1
Project("{FAE04EC0-301F-11D3-BF4B-00C04F79EFBC}") = "Seeff.Spatial.WebApp", "Seeff.Spatial.WebApp\Seeff.Spatial.WebApp.csproj", "{49A8B58F-A5F5-4417-8D69-E3BCC63A8684}"
EndProject
Project("{FAE04EC0-301F-11D3-BF4B-00C04F79EFBC}") = "Seeff.Spatial.Service", "Seeff.Spatial.Service\Seeff.Spatial.Service.csproj", "{D2B752AC-31F5-4C44-8A56-430621DDC8AD}"
EndProject
Global
	GlobalSection(TeamFoundationVersionControl) = preSolution
		SccNumberOfProjects = 3
		SccEnterpriseProvider = {4CA58AB2-18FA-4F8D-95D4-32DDF27D184C}
		SccTeamFoundationServer = https://learnitsource.visualstudio.com/defaultcollection
		SccLocalPath0 = .
		SccProjectUniqueName1 = Seeff.Spatial.WebApp\\Seeff.Spatial.WebApp.csproj
		SccProjectName1 = Seeff.Spatial.WebApp
		SccLocalPath1 = Seeff.Spatial.WebApp
		SccProjectUniqueName2 = Seeff.Spatial.Service\\Seeff.Spatial.Service.csproj
		SccProjectName2 = Seeff.Spatial.Service
		SccLocalPath2 = Seeff.Spatial.Service
	EndGlobalSection
	GlobalSection(SolutionConfigurationPlatforms) = preSolution
		Debug|Any CPU = Debug|Any CPU
		Release|Any CPU = Release|Any CPU
	EndGlobalSection
	GlobalSection(ProjectConfigurationPlatforms) = postSolution
		{49A8B58F-A5F5-4417-8D69-E3BCC63A8684}.Debug|Any CPU.ActiveCfg = Debug|Any CPU
		{49A8B58F-A5F5-4417-8D69-E3BCC63A8684}.Debug|Any CPU.Build.0 = Debug|Any CPU
		{49A8B58F-A5F5-4417-8D69-E3BCC63A8684}.Release|Any CPU.ActiveCfg = Release|Any CPU
		{49A8B58F-A5F5-4417-8D69-E3BCC63A8684}.Release|Any CPU.Build.0 = Release|Any CPU
		{D2B752AC-31F5-4C44-8A56-430621DDC8AD}.Debug|Any CPU.ActiveCfg = Debug|Any CPU
		{D2B752AC-31F5-4C44-8A56-430621DDC8AD}.Debug|Any CPU.Build.0 = Debug|Any CPU
		{D2B752AC-31F5-4C44-8A56-430621DDC8AD}.Release|Any CPU.ActiveCfg = Release|Any CPU
		{D2B752AC-31F5-4C44-8A56-430621DDC8AD}.Release|Any CPU.Build.0 = Release|Any CPU
	EndGlobalSection
	GlobalSection(SolutionProperties) = preSolution
		HideSolutionNode = FALSE
	EndGlobalSection
EndGlobal
